
Microsoft Visual Studio Solution File, Format Version 12.00
# Visual Studio Version 16
VisualStudioVersion = 16.0.29306.81
MinimumVisualStudioVersion = 10.0.40219.1
Project("{FAE04EC0-301F-11D3-BF4B-00C04F79EFBC}") = "GitPull", "GitPull\GitPull.csproj", "{ECCC9CC4-52CC-4FCA-A81B-0799DD96A907}"
EndProject
Global
	GlobalSection(SolutionConfigurationPlatforms) = preSolution
		Debug|Any CPU = Debug|Any CPU
		Release|Any CPU = Release|Any CPU
	EndGlobalSection
	GlobalSection(ProjectConfigurationPlatforms) = postSolution
		{ECCC9CC4-52CC-4FCA-A81B-0799DD96A907}.Debug|Any CPU.ActiveCfg = Debug|Any CPU
		{ECCC9CC4-52CC-4FCA-A81B-0799DD96A907}.Debug|Any CPU.Build.0 = Debug|Any CPU
		{ECCC9CC4-52CC-4FCA-A81B-0799DD96A907}.Release|Any CPU.ActiveCfg = Release|Any CPU
		{ECCC9CC4-52CC-4FCA-A81B-0799DD96A907}.Release|Any CPU.Build.0 = Release|Any CPU
	EndGlobalSection
	GlobalSection(SolutionProperties) = preSolution
		HideSolutionNode = FALSE
	EndGlobalSection
	GlobalSection(ExtensibilityGlobals) = postSolution
		SolutionGuid = {5D019BD5-BE90-4F51-A699-B261441DA10F}
	EndGlobalSection
EndGlobal
